<?xml version="1.0" encoding="utf-8"?>
<Project ToolsVersion="4.0" xmlns="http://schemas.microsoft.com/developer/msbuild/2003">
  <ItemGroup>
    <Filter Include="External">
      <UniqueIdentifier>{67DA6AB6-F800-4c08-8B7A-83BB121AAD01}</UniqueIdentifier>
      <Extensions>rc;ico;cur;bmp;dlg;rc2;rct;bin;rgs;gif;jpg;jpeg;jpe;resx;tiff;tif;png;wav;mfcribbon-ms</Extensions>
    </Filter>
    <Filter Include="Source">
      <UniqueIdentifier>{4FC737F1-C7A5-4376-A066-2A32D752A2FF}</UniqueIdentifier>
      <Extensions>cpp;c;cc;cxx;def;odl;idl;hpj;bat;asm;asmx</Extensions>
    </Filter>
    <Filter Include="External\imgui-docking">
      <UniqueIdentifier>{c85446c9-90d2-4441-add5-5aac511d95ce}</UniqueIdentifier>
    </Filter>
    <Filter Include="Shader">
      <UniqueIdentifier>{9f64f4ff-d9e0-43d7-88e1-13e6d3656a89}</UniqueIdentifier>
      <Extensions>hlsl;hlsli</Extensions>
    </Filter>
    <Filter Include="Source\System">
      <UniqueIdentifier>{cc7d1c06-8431-4003-b8ba-2b9358b84daa}</UniqueIdentifier>
    </Filter>
    <Filter Include="Source\scene">
      <UniqueIdentifier>{45b92078-2aeb-4085-a76f-f21974292414}</UniqueIdentifier>
    </Filter>
    <Filter Include="Source\Bullet">
      <UniqueIdentifier>{9708e944-73ca-4ca8-a719-f4936a3c5c5b}</UniqueIdentifier>
    </Filter>
    <Filter Include="Source\Character">
      <UniqueIdentifier>{d76f0f1e-e9ef-47d4-9de9-ec9b7faa234b}</UniqueIdentifier>
    </Filter>
    <Filter Include="Source\Character\Enemy">
      <UniqueIdentifier>{60d8ceb8-b543-4151-b438-7cf7a6750e82}</UniqueIdentifier>
    </Filter>
    <Filter Include="Source\Collision">
      <UniqueIdentifier>{9bc5efcc-daeb-47ed-babf-10d8c0a882b0}</UniqueIdentifier>
    </Filter>
    <Filter Include="Source\Map">
      <UniqueIdentifier>{9567a803-7a57-4ea9-a23b-251f0b6a3100}</UniqueIdentifier>
    </Filter>
    <Filter Include="Source\Map\MapTIp">
      <UniqueIdentifier>{56229841-e58a-4044-8b22-bed5ea9d859d}</UniqueIdentifier>
    </Filter>
    <Filter Include="Source\Effect">
      <UniqueIdentifier>{9b80bb61-e090-4010-9805-55aab9682b44}</UniqueIdentifier>
    </Filter>
    <Filter Include="Source\main/frame">
      <UniqueIdentifier>{2a6c3d4b-49c5-45b7-b0f0-974f75cc7003}</UniqueIdentifier>
    </Filter>
    <Filter Include="Source\Map\camera">
      <UniqueIdentifier>{f4252425-58e0-4608-9f6b-1138881da24b}</UniqueIdentifier>
    </Filter>
    <Filter Include="Source\MySystem">
      <UniqueIdentifier>{543a97bb-74fc-4a2d-bdf2-fecea04c3797}</UniqueIdentifier>
    </Filter>
    <Filter Include="Source\menu">
      <UniqueIdentifier>{2b52ead2-4363-4b24-bd44-f15f877a9849}</UniqueIdentifier>
    </Filter>
    <Filter Include="Source\Map\Stage">
      <UniqueIdentifier>{afbbb786-8e4c-4e2d-aa59-cb8b55aaad11}</UniqueIdentifier>
    </Filter>
    <Filter Include="Source\Ingredients">
      <UniqueIdentifier>{ba61244a-8289-4839-a78b-72741d677ed6}</UniqueIdentifier>
    </Filter>
    <Filter Include="Source\Cocking">
      <UniqueIdentifier>{02c4edfa-8cf3-4ecc-adfb-5a7e9bd38880}</UniqueIdentifier>
    </Filter>
    <Filter Include="Source\Map\Stage\Tile">
      <UniqueIdentifier>{447567fe-bbb8-4cf3-83f5-3454cc81de0d}</UniqueIdentifier>
    </Filter>
    <Filter Include="Source\Map\Stage\Tile\Utensils">
      <UniqueIdentifier>{7e3e8c14-91fa-478d-a445-3acff0b092d8}</UniqueIdentifier>
    </Filter>
  </ItemGroup>
  <ItemGroup>
    <ClInclude Include="External\imgui-docking\imconfig.h">
      <Filter>External\imgui-docking</Filter>
    </ClInclude>
    <ClInclude Include="External\imgui-docking\imgui.h">
      <Filter>External\imgui-docking</Filter>
    </ClInclude>
    <ClInclude Include="External\imgui-docking\imgui_impl_dx11.h">
      <Filter>External\imgui-docking</Filter>
    </ClInclude>
    <ClInclude Include="External\imgui-docking\imgui_impl_win32.h">
      <Filter>External\imgui-docking</Filter>
    </ClInclude>
    <ClInclude Include="External\imgui-docking\imgui_internal.h">
      <Filter>External\imgui-docking</Filter>
    </ClInclude>
    <ClInclude Include="External\imgui-docking\imstb_rectpack.h">
      <Filter>External\imgui-docking</Filter>
    </ClInclude>
    <ClInclude Include="External\imgui-docking\imstb_textedit.h">
      <Filter>External\imgui-docking</Filter>
    </ClInclude>
    <ClInclude Include="External\imgui-docking\imstb_truetype.h">
      <Filter>External\imgui-docking</Filter>
    </ClInclude>
    <ClInclude Include="Source\System\Audio.h">
      <Filter>Source\System</Filter>
    </ClInclude>
    <ClInclude Include="Source\System\AudioResource.h">
      <Filter>Source\System</Filter>
    </ClInclude>
    <ClInclude Include="Source\System\AudioSource.h">
      <Filter>Source\System</Filter>
    </ClInclude>
    <ClInclude Include="Source\System\BasicShader.h">
      <Filter>Source\System</Filter>
    </ClInclude>
    <ClInclude Include="Source\System\GamePad.h">
      <Filter>Source\System</Filter>
    </ClInclude>
    <ClInclude Include="Source\System\GpuResourceUtils.h">
      <Filter>Source\System</Filter>
    </ClInclude>
    <ClInclude Include="Source\System\Graphics.h">
      <Filter>Source\System</Filter>
    </ClInclude>
    <ClInclude Include="Source\System\HighResolutionTimer.h">
      <Filter>Source\System</Filter>
    </ClInclude>
    <ClInclude Include="Source\System\ImGuiRenderer.h">
      <Filter>Source\System</Filter>
    </ClInclude>
    <ClInclude Include="Source\System\Input.h">
      <Filter>Source\System</Filter>
    </ClInclude>
    <ClInclude Include="Source\System\LambertShader.h">
      <Filter>Source\System</Filter>
    </ClInclude>
    <ClInclude Include="Source\System\Misc.h">
      <Filter>Source\System</Filter>
    </ClInclude>
    <ClInclude Include="Source\System\Model.h">
      <Filter>Source\System</Filter>
    </ClInclude>
    <ClInclude Include="Source\System\ModelRenderer.h">
      <Filter>Source\System</Filter>
    </ClInclude>
    <ClInclude Include="Source\System\ModelResource.h">
      <Filter>Source\System</Filter>
    </ClInclude>
    <ClInclude Include="Source\System\Mouse.h">
      <Filter>Source\System</Filter>
    </ClInclude>
    <ClInclude Include="Source\System\RenderContext.h">
      <Filter>Source\System</Filter>
    </ClInclude>
    <ClInclude Include="Source\System\RenderState.h">
      <Filter>Source\System</Filter>
    </ClInclude>
    <ClInclude Include="Source\System\Shader.h">
      <Filter>Source\System</Filter>
    </ClInclude>
    <ClInclude Include="Source\System\ShapeRenderer.h">
      <Filter>Source\System</Filter>
    </ClInclude>
    <ClInclude Include="Source\System\Sprite.h">
      <Filter>Source\System</Filter>
    </ClInclude>
    <ClInclude Include="Source\Button.h">
      <Filter>Source\menu</Filter>
    </ClInclude>
    <ClInclude Include="Source\ButtonManager.h">
      <Filter>Source\menu</Filter>
    </ClInclude>
    <ClInclude Include="Source\Menu.h">
      <Filter>Source\menu</Filter>
    </ClInclude>
    <ClInclude Include="Source\SceneGame.h">
      <Filter>Source\scene</Filter>
    </ClInclude>
    <ClInclude Include="Source\SceneLoading.h">
      <Filter>Source\scene</Filter>
    </ClInclude>
    <ClInclude Include="Source\SceneManager.h">
      <Filter>Source\scene</Filter>
    </ClInclude>
    <ClInclude Include="Source\SceneTitle.h">
      <Filter>Source\scene</Filter>
    </ClInclude>
    <ClInclude Include="Source\EnemySlime.h">
      <Filter>Source\Character\Enemy</Filter>
    </ClInclude>
    <ClInclude Include="Source\EnemyManager.h">
      <Filter>Source\Character\Enemy</Filter>
    </ClInclude>
    <ClInclude Include="Source\Enemy.h">
      <Filter>Source\Character\Enemy</Filter>
    </ClInclude>
    <ClInclude Include="Source\Scene.h">
      <Filter>Source\scene</Filter>
    </ClInclude>
    <ClInclude Include="Source\SceneResult.h">
      <Filter>Source\scene</Filter>
    </ClInclude>
    <ClInclude Include="Source\Weapon.h">
      <Filter>Source\Bullet</Filter>
    </ClInclude>
    <ClInclude Include="Source\WeaponManager.h">
      <Filter>Source\Bullet</Filter>
    </ClInclude>
    <ClInclude Include="Source\MapTip\map_manager.h">
      <Filter>Source\Map\MapTIp</Filter>
    </ClInclude>
    <ClInclude Include="Source\Character.h">
      <Filter>Source\Character</Filter>
    </ClInclude>
    <ClInclude Include="Source\Player.h">
      <Filter>Source\Character</Filter>
    </ClInclude>
    <ClInclude Include="Source\Collision.h">
      <Filter>Source\Collision</Filter>
    </ClInclude>
    <ClInclude Include="Source\RayCast.h">
      <Filter>Source\Collision</Filter>
    </ClInclude>
    <ClInclude Include="Source\Effect.h">
      <Filter>Source\Effect</Filter>
    </ClInclude>
    <ClInclude Include="Source\EffectManager.h">
      <Filter>Source\Effect</Filter>
    </ClInclude>
    <ClInclude Include="Source\Framework.h">
      <Filter>Source\main/frame</Filter>
    </ClInclude>
    <ClInclude Include="Source\Camera.h">
      <Filter>Source\Map\camera</Filter>
    </ClInclude>
    <ClInclude Include="Source\CameraController.h">
      <Filter>Source\Map\camera</Filter>
    </ClInclude>
    <ClInclude Include="Source\common.h">
      <Filter>Source\MySystem</Filter>
    </ClInclude>
    <ClInclude Include="Source\KeyInput.h">
      <Filter>Source\MySystem</Filter>
    </ClInclude>
    <ClInclude Include="Source\mathUtils.h">
      <Filter>Source\MySystem</Filter>
    </ClInclude>
    <ClInclude Include="Source\StageManager.h">
      <Filter>Source\Map\Stage</Filter>
    </ClInclude>
    <ClInclude Include="Source\Floor.h">
      <Filter>Source\Map\Stage</Filter>
    </ClInclude>
    <ClInclude Include="Source\ParentChild.h">
      <Filter>Source\MySystem</Filter>
    </ClInclude>
    <ClInclude Include="Source\Ingredients.h">
      <Filter>Source\Ingredients</Filter>
    </ClInclude>
    <ClInclude Include="Source\foodManager.h">
      <Filter>Source\Ingredients</Filter>
    </ClInclude>
    <ClInclude Include="Source\food.h">
      <Filter>Source\Ingredients</Filter>
    </ClInclude>
    <ClInclude Include="Source\Cursor.h">
      <Filter>Source\Map\Stage</Filter>
    </ClInclude>
    <ClInclude Include="Source\stage.h">
      <Filter>Source\Map\Stage\Tile</Filter>
    </ClInclude>
    <ClInclude Include="Source\BaconBox.h">
      <Filter>Source\Map\Stage\Tile</Filter>
    </ClInclude>
    <ClInclude Include="Source\Utensils.h">
      <Filter>Source\Map\Stage\Tile\Utensils</Filter>
    </ClInclude>
    <ClInclude Include="Source\Stove.h">
      <Filter>Source\Map\Stage\Tile\Utensils</Filter>
    </ClInclude>
    <ClInclude Include="Source\Pot.h">
      <Filter>Source\Map\Stage\Tile\Utensils</Filter>
    </ClInclude>
    <ClInclude Include="Source\TileNone.h">
      <Filter>Source\Map\Stage\Tile\Utensils</Filter>
    </ClInclude>
    <ClInclude Include="Source\TileBox.h">
      <Filter>Source\Map\Stage\Tile\Utensils</Filter>
    </ClInclude>
    <ClInclude Include="Source\Sink.h">
      <Filter>Source\Map\Stage\Tile\Utensils</Filter>
    </ClInclude>
  </ItemGroup>
  <ItemGroup>
    <ClCompile Include="External\imgui-docking\imgui.cpp">
      <Filter>External\imgui-docking</Filter>
    </ClCompile>
    <ClCompile Include="External\imgui-docking\imgui_demo.cpp">
      <Filter>External\imgui-docking</Filter>
    </ClCompile>
    <ClCompile Include="External\imgui-docking\imgui_draw.cpp">
      <Filter>External\imgui-docking</Filter>
    </ClCompile>
    <ClCompile Include="External\imgui-docking\imgui_impl_dx11.cpp">
      <Filter>External\imgui-docking</Filter>
    </ClCompile>
    <ClCompile Include="External\imgui-docking\imgui_impl_win32.cpp">
      <Filter>External\imgui-docking</Filter>
    </ClCompile>
    <ClCompile Include="External\imgui-docking\imgui_widgets.cpp">
      <Filter>External\imgui-docking</Filter>
    </ClCompile>
    <ClCompile Include="Source\System\Audio.cpp">
      <Filter>Source\System</Filter>
    </ClCompile>
    <ClCompile Include="Source\System\AudioResource.cpp">
      <Filter>Source\System</Filter>
    </ClCompile>
    <ClCompile Include="Source\System\AudioSource.cpp">
      <Filter>Source\System</Filter>
    </ClCompile>
    <ClCompile Include="Source\System\BasicShader.cpp">
      <Filter>Source\System</Filter>
    </ClCompile>
    <ClCompile Include="Source\System\GamePad.cpp">
      <Filter>Source\System</Filter>
    </ClCompile>
    <ClCompile Include="Source\System\GpuResourceUtils.cpp">
      <Filter>Source\System</Filter>
    </ClCompile>
    <ClCompile Include="Source\System\Graphics.cpp">
      <Filter>Source\System</Filter>
    </ClCompile>
    <ClCompile Include="Source\System\ImGuiRenderer.cpp">
      <Filter>Source\System</Filter>
    </ClCompile>
    <ClCompile Include="Source\System\Input.cpp">
      <Filter>Source\System</Filter>
    </ClCompile>
    <ClCompile Include="Source\System\LambertShader.cpp">
      <Filter>Source\System</Filter>
    </ClCompile>
    <ClCompile Include="Source\System\Model.cpp">
      <Filter>Source\System</Filter>
    </ClCompile>
    <ClCompile Include="Source\System\ModelRenderer.cpp">
      <Filter>Source\System</Filter>
    </ClCompile>
    <ClCompile Include="Source\System\ModelResource.cpp">
      <Filter>Source\System</Filter>
    </ClCompile>
    <ClCompile Include="Source\System\Mouse.cpp">
      <Filter>Source\System</Filter>
    </ClCompile>
    <ClCompile Include="Source\System\RenderState.cpp">
      <Filter>Source\System</Filter>
    </ClCompile>
    <ClCompile Include="Source\System\ShapeRenderer.cpp">
      <Filter>Source\System</Filter>
    </ClCompile>
    <ClCompile Include="Source\System\Sprite.cpp">
      <Filter>Source\System</Filter>
    </ClCompile>
    <ClCompile Include="Source\Button.cpp">
      <Filter>Source\menu</Filter>
    </ClCompile>
    <ClCompile Include="Source\ButtonManager.cpp">
      <Filter>Source\menu</Filter>
    </ClCompile>
    <ClCompile Include="Source\Menu.cpp">
      <Filter>Source\menu</Filter>
    </ClCompile>
    <ClCompile Include="Source\SceneGame.cpp">
      <Filter>Source\scene</Filter>
    </ClCompile>
    <ClCompile Include="Source\SceneLoading.cpp">
      <Filter>Source\scene</Filter>
    </ClCompile>
    <ClCompile Include="Source\SceneManager.cpp">
      <Filter>Source\scene</Filter>
    </ClCompile>
    <ClCompile Include="Source\SceneTitle.cpp">
      <Filter>Source\scene</Filter>
    </ClCompile>
    <ClCompile Include="Source\EnemySlime.cpp">
      <Filter>Source\Character\Enemy</Filter>
    </ClCompile>
    <ClCompile Include="Source\EnemyManager.cpp">
      <Filter>Source\Character\Enemy</Filter>
    </ClCompile>
    <ClCompile Include="Source\Enemy.cpp">
      <Filter>Source\Character\Enemy</Filter>
    </ClCompile>
    <ClCompile Include="Source\Scene.cpp">
      <Filter>Source\scene</Filter>
    </ClCompile>
    <ClCompile Include="Source\SceneResult.cpp">
      <Filter>Source\scene</Filter>
    </ClCompile>
    <ClCompile Include="Source\Weapon.cpp">
      <Filter>Source\Bullet</Filter>
    </ClCompile>
    <ClCompile Include="Source\WeaponManager.cpp">
      <Filter>Source\Bullet</Filter>
    </ClCompile>
    <ClCompile Include="Source\MapTip\map_manager.cpp">
      <Filter>Source\Map\MapTIp</Filter>
    </ClCompile>
    <ClCompile Include="Source\Character.cpp">
      <Filter>Source\Character</Filter>
    </ClCompile>
    <ClCompile Include="Source\Player.cpp">
      <Filter>Source\Character</Filter>
    </ClCompile>
    <ClCompile Include="Source\Collision.cpp">
      <Filter>Source\Collision</Filter>
    </ClCompile>
    <ClCompile Include="Source\RayCast.cpp">
      <Filter>Source\Collision</Filter>
    </ClCompile>
    <ClCompile Include="Source\Effect.cpp">
      <Filter>Source\Effect</Filter>
    </ClCompile>
    <ClCompile Include="Source\EffectManager.cpp">
      <Filter>Source\Effect</Filter>
    </ClCompile>
    <ClCompile Include="Source\Framework.cpp">
      <Filter>Source\main/frame</Filter>
    </ClCompile>
    <ClCompile Include="Source\Main.cpp">
      <Filter>Source\main/frame</Filter>
    </ClCompile>
    <ClCompile Include="Source\Camera.cpp">
      <Filter>Source\Map\camera</Filter>
    </ClCompile>
    <ClCompile Include="Source\CameraController.cpp">
      <Filter>Source\Map\camera</Filter>
    </ClCompile>
    <ClCompile Include="Source\mathUtils.cpp">
      <Filter>Source\MySystem</Filter>
    </ClCompile>
    <ClCompile Include="Source\StageManager.cpp">
      <Filter>Source\Map\Stage</Filter>
    </ClCompile>
    <ClCompile Include="Source\Floor.cpp">
      <Filter>Source\Map\Stage</Filter>
    </ClCompile>
    <ClCompile Include="Source\ParentChild.cpp">
      <Filter>Source\MySystem</Filter>
    </ClCompile>
    <ClCompile Include="Source\Ingredients.cpp">
      <Filter>Source\Ingredients</Filter>
    </ClCompile>
    <ClCompile Include="Source\food.cpp">
      <Filter>Source\Ingredients</Filter>
    </ClCompile>
    <ClCompile Include="Source\foodManager.cpp">
      <Filter>Source\Ingredients</Filter>
    </ClCompile>
    <ClCompile Include="Source\Cursor.cpp">
      <Filter>Source\Map\Stage</Filter>
    </ClCompile>
    <ClCompile Include="Source\stage.cpp">
      <Filter>Source\Map\Stage\Tile</Filter>
    </ClCompile>
    <ClCompile Include="Source\BaconBox.cpp">
      <Filter>Source\Map\Stage\Tile</Filter>
    </ClCompile>
    <ClCompile Include="Source\Utensils.cpp">
      <Filter>Source\Map\Stage\Tile\Utensils</Filter>
    </ClCompile>
    <ClCompile Include="Source\Stove.cpp">
      <Filter>Source\Map\Stage\Tile\Utensils</Filter>
    </ClCompile>
    <ClCompile Include="Source\Pot.cpp">
      <Filter>Source\Map\Stage\Tile\Utensils</Filter>
    </ClCompile>
    <ClCompile Include="Source\Sink.cpp">
      <Filter>Source\Map\Stage\Tile\Utensils</Filter>
    </ClCompile>
  </ItemGroup>
  <ItemGroup>
    <None Include="Shader\Sprite.hlsli">
      <Filter>Shader</Filter>
    </None>
    <None Include="Shader\ShapeRenderer.hlsli">
      <Filter>Shader</Filter>
    </None>
    <None Include="Shader\Skinning.hlsli">
      <Filter>Shader</Filter>
    </None>
    <None Include="Shader\PrimitiveRenderer.hlsli">
      <Filter>Shader</Filter>
    </None>
    <None Include="Shader\Basic.hlsli">
      <Filter>Shader</Filter>
    </None>
    <None Include="Shader\Lambert.hlsli">
      <Filter>Shader</Filter>
    </None>
    <None Include="Shader\Scene.hlsli">
      <Filter>Shader</Filter>
    </None>
  </ItemGroup>
  <ItemGroup>
    <FxCompile Include="Shader\SpriteVS.hlsl">
      <Filter>Shader</Filter>
    </FxCompile>
    <FxCompile Include="Shader\SpritePS.hlsl">
      <Filter>Shader</Filter>
    </FxCompile>
    <FxCompile Include="Shader\ShapeRendererVS.hlsl">
      <Filter>Shader</Filter>
    </FxCompile>
    <FxCompile Include="Shader\ShapeRendererPS.hlsl">
      <Filter>Shader</Filter>
    </FxCompile>
    <FxCompile Include="Shader\PrimitiveRendererVS.hlsl">
      <Filter>Shader</Filter>
    </FxCompile>
    <FxCompile Include="Shader\PrimitiveRendererPS.hlsl">
      <Filter>Shader</Filter>
    </FxCompile>
    <FxCompile Include="Shader\BasicPS.hlsl">
      <Filter>Shader</Filter>
    </FxCompile>
    <FxCompile Include="Shader\BasicVS.hlsl">
      <Filter>Shader</Filter>
    </FxCompile>
    <FxCompile Include="Shader\LambertPS.hlsl">
      <Filter>Shader</Filter>
    </FxCompile>
    <FxCompile Include="Shader\LambertVS.hlsl">
      <Filter>Shader</Filter>
    </FxCompile>
  </ItemGroup>
</Project>